
Microsoft Visual Studio Solution File, Format Version 12.00
# Visual Studio Version 16
VisualStudioVersion = 16.0.32510.428
MinimumVisualStudioVersion = 10.0.40219.1
Project("{9A19103F-16F7-4668-BE54-9A1E7A4F7556}") = "TrapezoidalRule", "TrapezoidalRule\TrapezoidalRule.csproj", "{0D014A6A-2A6B-4372-A07C-9FA6087BD6F1}"
	ProjectSection(ProjectDependencies) = postProject
		{953F1200-0652-475B-A7C6-BEF444EEE47C} = {953F1200-0652-475B-A7C6-BEF444EEE47C}
	EndProjectSection
EndProject
Project("{8BC9CEB8-8B4A-11D0-8D11-00A0C91BC942}") = "MyAsm", "MyAsm\MyAsm.vcxproj", "{953F1200-0652-475B-A7C6-BEF444EEE47C}"
EndProject
Project("{9A19103F-16F7-4668-BE54-9A1E7A4F7556}") = "MyCSharpDLL", "MyCSharpDLL\MyCSharpDLL.csproj", "{DADB75FE-C1E2-4FEF-BE7B-BC2FDACD7EB6}"
EndProject
Global
	GlobalSection(SolutionConfigurationPlatforms) = preSolution
		Debug|Any CPU = Debug|Any CPU
		Debug|x64 = Debug|x64
		Debug|x86 = Debug|x86
		Release|Any CPU = Release|Any CPU
		Release|x64 = Release|x64
		Release|x86 = Release|x86
	EndGlobalSection
	GlobalSection(ProjectConfigurationPlatforms) = postSolution
		{0D014A6A-2A6B-4372-A07C-9FA6087BD6F1}.Debug|Any CPU.ActiveCfg = Debug|Any CPU
		{0D014A6A-2A6B-4372-A07C-9FA6087BD6F1}.Debug|Any CPU.Build.0 = Debug|Any CPU
		{0D014A6A-2A6B-4372-A07C-9FA6087BD6F1}.Debug|x64.ActiveCfg = Debug|x64
		{0D014A6A-2A6B-4372-A07C-9FA6087BD6F1}.Debug|x64.Build.0 = Debug|x64
		{0D014A6A-2A6B-4372-A07C-9FA6087BD6F1}.Debug|x86.ActiveCfg = Debug|Any CPU
		{0D014A6A-2A6B-4372-A07C-9FA6087BD6F1}.Debug|x86.Build.0 = Debug|Any CPU
		{0D014A6A-2A6B-4372-A07C-9FA6087BD6F1}.Release|Any CPU.ActiveCfg = Release|Any CPU
		{0D014A6A-2A6B-4372-A07C-9FA6087BD6F1}.Release|Any CPU.Build.0 = Release|Any CPU
		{0D014A6A-2A6B-4372-A07C-9FA6087BD6F1}.Release|x64.ActiveCfg = Release|Any CPU
		{0D014A6A-2A6B-4372-A07C-9FA6087BD6F1}.Release|x64.Build.0 = Release|Any CPU
		{0D014A6A-2A6B-4372-A07C-9FA6087BD6F1}.Release|x86.ActiveCfg = Release|Any CPU
		{0D014A6A-2A6B-4372-A07C-9FA6087BD6F1}.Release|x86.Build.0 = Release|Any CPU
		{953F1200-0652-475B-A7C6-BEF444EEE47C}.Debug|Any CPU.ActiveCfg = Debug|x64
		{953F1200-0652-475B-A7C6-BEF444EEE47C}.Debug|Any CPU.Build.0 = Debug|x64
		{953F1200-0652-475B-A7C6-BEF444EEE47C}.Debug|x64.ActiveCfg = Debug|x64
		{953F1200-0652-475B-A7C6-BEF444EEE47C}.Debug|x64.Build.0 = Debug|x64
		{953F1200-0652-475B-A7C6-BEF444EEE47C}.Debug|x86.ActiveCfg = Debug|Win32
		{953F1200-0652-475B-A7C6-BEF444EEE47C}.Debug|x86.Build.0 = Debug|Win32
		{953F1200-0652-475B-A7C6-BEF444EEE47C}.Release|Any CPU.ActiveCfg = Release|Win32
		{953F1200-0652-475B-A7C6-BEF444EEE47C}.Release|x64.ActiveCfg = Release|x64
		{953F1200-0652-475B-A7C6-BEF444EEE47C}.Release|x64.Build.0 = Release|x64
		{953F1200-0652-475B-A7C6-BEF444EEE47C}.Release|x86.ActiveCfg = Release|Win32
		{953F1200-0652-475B-A7C6-BEF444EEE47C}.Release|x86.Build.0 = Release|Win32
		{DADB75FE-C1E2-4FEF-BE7B-BC2FDACD7EB6}.Debug|Any CPU.ActiveCfg = Debug|Any CPU
		{DADB75FE-C1E2-4FEF-BE7B-BC2FDACD7EB6}.Debug|Any CPU.Build.0 = Debug|Any CPU
		{DADB75FE-C1E2-4FEF-BE7B-BC2FDACD7EB6}.Debug|x64.ActiveCfg = Debug|x64
		{DADB75FE-C1E2-4FEF-BE7B-BC2FDACD7EB6}.Debug|x64.Build.0 = Debug|x64
		{DADB75FE-C1E2-4FEF-BE7B-BC2FDACD7EB6}.Debug|x86.ActiveCfg = Debug|Any CPU
		{DADB75FE-C1E2-4FEF-BE7B-BC2FDACD7EB6}.Debug|x86.Build.0 = Debug|Any CPU
		{DADB75FE-C1E2-4FEF-BE7B-BC2FDACD7EB6}.Release|Any CPU.ActiveCfg = Release|Any CPU
		{DADB75FE-C1E2-4FEF-BE7B-BC2FDACD7EB6}.Release|Any CPU.Build.0 = Release|Any CPU
		{DADB75FE-C1E2-4FEF-BE7B-BC2FDACD7EB6}.Release|x64.ActiveCfg = Release|Any CPU
		{DADB75FE-C1E2-4FEF-BE7B-BC2FDACD7EB6}.Release|x64.Build.0 = Release|Any CPU
		{DADB75FE-C1E2-4FEF-BE7B-BC2FDACD7EB6}.Release|x86.ActiveCfg = Release|Any CPU
		{DADB75FE-C1E2-4FEF-BE7B-BC2FDACD7EB6}.Release|x86.Build.0 = Release|Any CPU
	EndGlobalSection
	GlobalSection(SolutionProperties) = preSolution
		HideSolutionNode = FALSE
	EndGlobalSection
	GlobalSection(ExtensibilityGlobals) = postSolution
		SolutionGuid = {2A4B6BEA-6A98-4D2F-BEAB-9C00627DBA02}
	EndGlobalSection
EndGlobal
